// !$*UTF8*$!
{
	archiveVersion = 1;
	classes = {
	};
	objectVersion = 46;
	objects = {

/* Begin PBXBuildFile section */
		5D8C46D21C1F50ED005928BB /* AppDelegate.swift in Sources */ = {isa = PBXBuildFile; fileRef = 5D8C46D11C1F50ED005928BB /* AppDelegate.swift */; };
		5D8C46D41C1F50ED005928BB /* ChecklistViewController.swift in Sources */ = {isa = PBXBuildFile; fileRef = 5D8C46D31C1F50ED005928BB /* ChecklistViewController.swift */; };
		5D8C46D71C1F50ED005928BB /* Main.storyboard in Resources */ = {isa = PBXBuildFile; fileRef = 5D8C46D51C1F50ED005928BB /* Main.storyboard */; };
		5D8C46D91C1F50ED005928BB /* Assets.xcassets in Resources */ = {isa = PBXBuildFile; fileRef = 5D8C46D81C1F50ED005928BB /* Assets.xcassets */; };
		5D8C46DC1C1F50ED005928BB /* LaunchScreen.storyboard in Resources */ = {isa = PBXBuildFile; fileRef = 5D8C46DA1C1F50ED005928BB /* LaunchScreen.storyboard */; };
/* End PBXBuildFile section */

/* Begin PBXFileReference section */
		5D8C46CE1C1F50ED005928BB /* checklists.app */ = {isa = PBXFileReference; explicitFileType = wrapper.application; includeInIndex = 0; path = checklists.app; sourceTree = BUILT_PRODUCTS_DIR; };
		5D8C46D11C1F50ED005928BB /* AppDelegate.swift */ = {isa = PBXFileReference; lastKnownFileType = sourcecode.swift; path = AppDelegate.swift; sourceTree = "<group>"; };
		5D8C46D31C1F50ED005928BB /* ChecklistViewController.swift */ = {isa = PBXFileReference; lastKnownFileType = sourcecode.swift; path = ChecklistViewController.swift; sourceTree = "<group>"; };
		5D8C46D61C1F50ED005928BB /* Base */ = {isa = PBXFileReference; lastKnownFileType = file.storyboard; name = Base; path = Base.lproj/Main.storyboard; sourceTree = "<group>"; };
		5D8C46D81C1F50ED005928BB /* Assets.xcassets */ = {isa = PBXFileReference; lastKnownFileType = folder.assetcatalog; path = Assets.xcassets; sourceTree = "<group>"; };
		5D8C46DB1C1F50ED005928BB /* Base */ = {isa = PBXFileReference; lastKnownFileType = file.storyboard; name = Base; path = Base.lproj/LaunchScreen.storyboard; sourceTree = "<group>"; };
		5D8C46DD1C1F50ED005928BB /* Info.plist */ = {isa = PBXFileReference; lastKnownFileType = text.plist.xml; path = Info.plist; sourceTree = "<group>"; };
/* End PBXFileReference section */

/* Begin PBXFrameworksBuildPhase section */
		5D8C46CB1C1F50ED005928BB /* Frameworks */ = {
			isa = PBXFrameworksBuildPhase;
			buildActionMask = 2147483647;
			files = (
			);
			runOnlyForDeploymentPostprocessing = 0;
		};
/* End PBXFrameworksBuildPhase section */

/* Begin PBXGroup section */
		5D8C46C51C1F50ED005928BB = {
			isa = PBXGroup;
			children = (
				5D8C46D01C1F50ED005928BB /* checklists */,
				5D8C46CF1C1F50ED005928BB /* Products */,
			);
			sourceTree = "<group>";
		};
		5D8C46CF1C1F50ED005928BB /* Products */ = {
			isa = PBXGroup;
			children = (
				5D8C46CE1C1F50ED005928BB /* checklists.app */,
			);
			name = Products;
			sourceTree = "<group>";
		};
		5D8C46D01C1F50ED005928BB /* checklists */ = {
			isa = PBXGroup;
			children = (
				5D8C46D11C1F50ED005928BB /* AppDelegate.swift */,
				5D8C46D31C1F50ED005928BB /* ChecklistViewController.swift */,
				5D8C46D51C1F50ED005928BB /* Main.storyboard */,
				5D8C46D81C1F50ED005928BB /* Assets.xcassets */,
				5D8C46DA1C1F50ED005928BB /* LaunchScreen.storyboard */,
				5D8C46DD1C1F50ED005928BB /* Info.plist */,
			);
			path = checklists;
			sourceTree = "<group>";
		};
/* End PBXGroup section */

/* Begin PBXNativeTarget section */
		5D8C46CD1C1F50ED005928BB /* checklists */ = {
			isa = PBXNativeTarget;
			buildConfigurationList = 5D8C46E01C1F50ED005928BB /* Build configuration list for PBXNativeTarget "checklists" */;
			buildPhases = (
				5D8C46CA1C1F50ED005928BB /* Sources */,
				5D8C46CB1C1F50ED005928BB /* Frameworks */,
				5D8C46CC1C1F50ED005928BB /* Resources */,
			);
			buildRules = (
			);
			dependencies = (
			);
			name = checklists;
			productName = checklists;
			productReference = 5D8C46CE1C1F50ED005928BB /* checklists.app */;
			productType = "com.apple.product-type.application";
		};
/* End PBXNativeTarget section */

/* Begin PBXProject section */
		5D8C46C61C1F50ED005928BB /* Project object */ = {
			isa = PBXProject;
			attributes = {
				LastSwiftUpdateCheck = 0720;
				LastUpgradeCheck = 0720;
				ORGANIZATIONNAME = "Mike Pitre";
				TargetAttributes = {
					5D8C46CD1C1F50ED005928BB = {
						CreatedOnToolsVersion = 7.2;
					};
				};
			};
			buildConfigurationList = 5D8C46C91C1F50ED005928BB /* Build configuration list for PBXProject "checklists" */;
			compatibilityVersion = "Xcode 3.2";
			developmentRegion = English;
			hasScannedForEncodings = 0;
			knownRegions = (
				en,
				Base,
			);
			mainGroup = 5D8C46C51C1F50ED005928BB;
			productRefGroup = 5D8C46CF1C1F50ED005928BB /* Products */;
			projectDirPath = "";
			projectRoot = "";
			targets = (
				5D8C46CD1C1F50ED005928BB /* checklists */,
			);
		};
/* End PBXProject section */

/* Begin PBXResourcesBuildPhase section */
		5D8C46CC1C1F50ED005928BB /* Resources */ = {
			isa = PBXResourcesBuildPhase;
			buildActionMask = 2147483647;
			files = (
				5D8C46DC1C1F50ED005928BB /* LaunchScreen.storyboard in Resources */,
				5D8C46D91C1F50ED005928BB /* Assets.xcassets in Resources */,
				5D8C46D71C1F50ED005928BB /* Main.storyboard in Resources */,
			);
			runOnlyForDeploymentPostprocessing = 0;
		};
/* End PBXResourcesBuildPhase section */

/* Begin PBXSourcesBuildPhase section */
		5D8C46CA1C1F50ED005928BB /* Sources */ = {
			isa = PBXSourcesBuildPhase;
			buildActionMask = 2147483647;
			files = (
				5D8C46D41C1F50ED005928BB /* ChecklistViewController.swift in Sources */,
				5D8C46D21C1F50ED005928BB /* AppDelegate.swift in Sources */,
			);
			runOnlyForDeploymentPostprocessing = 0;
		};
/* End PBXSourcesBuildPhase section */

/* Begin PBXVariantGroup section */
		5D8C46D51C1F50ED005928BB /* Main.storyboard */ = {
			isa = PBXVariantGroup;
			children = (
				5D8C46D61C1F50ED005928BB /* Base */,
			);
			name = Main.storyboard;
			sourceTree = "<group>";
		};
		5D8C46DA1C1F50ED005928BB /* LaunchScreen.storyboard */ = {
			isa = PBXVariantGroup;
			children = (
				5D8C46DB1C1F50ED005928BB /* Base */,
			);
			name = LaunchScreen.storyboard;
			sourceTree = "<group>";
		};
/* End PBXVariantGroup section */

/* Begin XCBuildConfiguration section */
		5D8C46DE1C1F50ED005928BB /* Debug */ = {
			isa = XCBuildConfiguration;
			buildSettings = {
				ALWAYS_SEARCH_USER_PATHS = NO;
				CLANG_CXX_LANGUAGE_STANDARD = "gnu++0x";
				CLANG_CXX_LIBRARY = "libc++";
				CLANG_ENABLE_MODULES = YES;
				CLANG_ENABLE_OBJC_ARC = YES;
				CLANG_WARN_BOOL_CONVERSION = YES;
				CLANG_WARN_CONSTANT_CONVERSION = YES;
				CLANG_WARN_DIRECT_OBJC_ISA_USAGE = YES_ERROR;
				CLANG_WARN_EMPTY_BODY = YES;
				CLANG_WARN_ENUM_CONVERSION = YES;
				CLANG_WARN_INT_CONVERSION = YES;
				CLANG_WARN_OBJC_ROOT_CLASS = YES_ERROR;
				CLANG_WARN_UNREACHABLE_CODE = YES;
				CLANG_WARN__DUPLICATE_METHOD_MATCH = YES;
				"CODE_SIGN_IDENTITY[sdk=iphoneos*]" = "iPhone Developer";
				COPY_PHASE_STRIP = NO;
				DEBUG_INFORMATION_FORMAT = dwarf;
				ENABLE_STRICT_OBJC_MSGSEND = YES;
				ENABLE_TESTABILITY = YES;
				GCC_C_LANGUAGE_STANDARD = gnu99;
				GCC_DYNAMIC_NO_PIC = NO;
				GCC_NO_COMMON_BLOCKS = YES;
				GCC_OPTIMIZATION_LEVEL = 0;
				GCC_PREPROCESSOR_DEFINITIONS = (
					"DEBUG=1",
					"$(inherited)",
				);
				GCC_WARN_64_TO_32_BIT_CONVERSION = YES;
				GCC_WARN_ABOUT_RETURN_TYPE = YES_ERROR;
				GCC_WARN_UNDECLARED_SELECTOR = YES;
				GCC_WARN_UNINITIALIZED_AUTOS = YES_AGGRESSIVE;
				GCC_WARN_UNUSED_FUNCTION = YES;
				GCC_WARN_UNUSED_VARIABLE = YES;
				IPHONEOS_DEPLOYMENT_TARGET = 9.2;
				MTL_ENABLE_DEBUG_INFO = YES;
				ONLY_ACTIVE_ARCH = YES;
				SDKROOT = iphoneos;
				SWIFT_OPTIMIZATION_LEVEL = "-Onone";
				TARGETED_DEVICE_FAMILY = "1,2";
			};
			name = Debug;
		};
		5D8C46DF1C1F50ED005928BB /* Release */ = {
			isa = XCBuildConfiguration;
			buildSettings = {
				ALWAYS_SEARCH_USER_PATHS = NO;
				CLANG_CXX_LANGUAGE_STANDARD = "gnu++0x";
				CLANG_CXX_LIBRARY = "libc++";
				CLANG_ENABLE_MODULES = YES;
				CLANG_ENABLE_OBJC_ARC = YES;
				CLANG_WARN_BOOL_CONVERSION = YES;
				CLANG_WARN_CONSTANT_CONVERSION = YES;
				CLANG_WARN_DIRECT_OBJC_ISA_USAGE = YES_ERROR;
				CLANG_WARN_EMPTY_BODY = YES;
				CLANG_WARN_ENUM_CONVERSION = YES;
				CLANG_WARN_INT_CONVERSION = YES;
				CLANG_WARN_OBJC_ROOT_CLASS = YES_ERROR;
				CLANG_WARN_UNREACHABLE_CODE = YES;
				CLANG_WARN__DUPLICATE_METHOD_MATCH = YES;
				"CODE_SIGN_IDENTITY[sdk=iphoneos*]" = "iPhone Developer";
				COPY_PHASE_STRIP = NO;
				DEBUG_INFORMATION_FORMAT = "dwarf-with-dsym";
				ENABLE_NS_ASSERTIONS = NO;
				ENABLE_STRICT_OBJC_MSGSEND = YES;
				GCC_C_LANGUAGE_STANDARD = gnu99;
				GCC_NO_COMMON_BLOCKS = YES;
				GCC_WARN_64_TO_32_BIT_CONVERSION = YES;
				GCC_WARN_ABOUT_RETURN_TYPE = YES_ERROR;
				GCC_WARN_UNDECLARED_SELECTOR = YES;
				GCC_WARN_UNINITIALIZED_AUTOS = YES_AGGRESSIVE;
				GCC_WARN_UNUSED_FUNCTION = YES;
				GCC_WARN_UNUSED_VARIABLE = YES;
				IPHONEOS_DEPLOYMENT_TARGET = 9.2;
				MTL_ENABLE_DEBUG_INFO = NO;
				SDKROOT = iphoneos;
				TARGETED_DEVICE_FAMILY = "1,2";
				VALIDATE_PRODUCT = YES;
			};
			name = Release;
		};
		5D8C46E11C1F50ED005928BB /* Debug */ = {
			isa = XCBuildConfiguration;
			buildSettings = {
				ASSETCATALOG_COMPILER_APPICON_NAME = AppIcon;
				INFOPLIST_FILE = checklists/Info.plist;
				IPHONEOS_DEPLOYMENT_TARGET = 9.1;
				LD_RUNPATH_SEARCH_PATHS = "$(inherited) @executable_path/Frameworks";
				PRODUCT_BUNDLE_IDENTIFIER = me.mikepitre.checklists;
				PRODUCT_NAME = "$(TARGET_NAME)";
			};
			name = Debug;
		};
		5D8C46E21C1F50ED005928BB /* Release */ = {
			isa = XCBuildConfiguration;
			buildSettings = {
				ASSETCATALOG_COMPILER_APPICON_NAME = AppIcon;
				INFOPLIST_FILE = checklists/Info.plist;
				IPHONEOS_DEPLOYMENT_TARGET = 9.1;
				LD_RUNPATH_SEARCH_PATHS = "$(inherited) @executable_path/Frameworks";
				PRODUCT_BUNDLE_IDENTIFIER = me.mikepitre.checklists;
				PRODUCT_NAME = "$(TARGET_NAME)";
			};
			name = Release;
		};
/* End XCBuildConfiguration section */

/* Begin XCConfigurationList section */
		5D8C46C91C1F50ED005928BB /* Build configuration list for PBXProject "checklists" */ = {
			isa = XCConfigurationList;
			buildConfigurations = (
				5D8C46DE1C1F50ED005928BB /* Debug */,
				5D8C46DF1C1F50ED005928BB /* Release */,
			);
			defaultConfigurationIsVisible = 0;
			defaultConfigurationName = Release;
		};
		5D8C46E01C1F50ED005928BB /* Build configuration list for PBXNativeTarget "checklists" */ = {
			isa = XCConfigurationList;
			buildConfigurations = (
				5D8C46E11C1F50ED005928BB /* Debug */,
				5D8C46E21C1F50ED005928BB /* Release */,
			);
			defaultConfigurationIsVisible = 0;
			defaultConfigurationName = Release;
		};
/* End XCConfigurationList section */
	};
	rootObject = 5D8C46C61C1F50ED005928BB /* Project object */;
}
